
Microsoft Visual Studio Solution File, Format Version 12.00
# Visual Studio Version 17
VisualStudioVersion = 17.10.35013.160
MinimumVisualStudioVersion = 10.0.40219.1
Project("{9A19103F-16F7-4668-BE54-9A1E7A4F7556}") = "MovieApp.Server", "MovieApp.Server\MovieApp.Server.csproj", "{98D08441-FEC7-450D-AE88-024698D2792F}"
EndProject
Project("{54A90642-561A-4BB1-A94E-469ADEE60C69}") = "movieapp.client", "movieapp.client\movieapp.client.esproj", "{498E156C-B37C-4FA6-BD9D-6C8DCFBE28BE}"
EndProject
Project("{FAE04EC0-301F-11D3-BF4B-00C04F79EFBC}") = "MovieAppTests", "MovieAppTests\MovieAppTests.csproj", "{B104155C-772F-4C57-A148-5783F71B5C9B}"
EndProject
Global
	GlobalSection(SolutionConfigurationPlatforms) = preSolution
		Debug|Any CPU = Debug|Any CPU
		Release|Any CPU = Release|Any CPU
	EndGlobalSection
	GlobalSection(ProjectConfigurationPlatforms) = postSolution
		{98D08441-FEC7-450D-AE88-024698D2792F}.Debug|Any CPU.ActiveCfg = Debug|Any CPU
		{98D08441-FEC7-450D-AE88-024698D2792F}.Debug|Any CPU.Build.0 = Debug|Any CPU
		{98D08441-FEC7-450D-AE88-024698D2792F}.Release|Any CPU.ActiveCfg = Release|Any CPU
		{98D08441-FEC7-450D-AE88-024698D2792F}.Release|Any CPU.Build.0 = Release|Any CPU
		{498E156C-B37C-4FA6-BD9D-6C8DCFBE28BE}.Debug|Any CPU.ActiveCfg = Debug|Any CPU
		{498E156C-B37C-4FA6-BD9D-6C8DCFBE28BE}.Debug|Any CPU.Build.0 = Debug|Any CPU
		{498E156C-B37C-4FA6-BD9D-6C8DCFBE28BE}.Release|Any CPU.ActiveCfg = Release|Any CPU
		{498E156C-B37C-4FA6-BD9D-6C8DCFBE28BE}.Release|Any CPU.Build.0 = Release|Any CPU
		{498E156C-B37C-4FA6-BD9D-6C8DCFBE28BE}.Release|Any CPU.Deploy.0 = Release|Any CPU
		{B104155C-772F-4C57-A148-5783F71B5C9B}.Debug|Any CPU.ActiveCfg = Debug|Any CPU
		{B104155C-772F-4C57-A148-5783F71B5C9B}.Debug|Any CPU.Build.0 = Debug|Any CPU
		{B104155C-772F-4C57-A148-5783F71B5C9B}.Release|Any CPU.ActiveCfg = Release|Any CPU
		{B104155C-772F-4C57-A148-5783F71B5C9B}.Release|Any CPU.Build.0 = Release|Any CPU
	EndGlobalSection
	GlobalSection(SolutionProperties) = preSolution
		HideSolutionNode = FALSE
	EndGlobalSection
	GlobalSection(ExtensibilityGlobals) = postSolution
		SolutionGuid = {A1DFBDDB-66F4-41B9-A2EB-1441D1350509}
	EndGlobalSection
EndGlobal
